// !$*UTF8*$!
{
	archiveVersion = 1;
	classes = {
	};
	objectVersion = 46;
	objects = {

/* Begin PBXBuildFile section */
		775E977D1BEC3D6D00959F3D /* AppDelegate.swift in Sources */ = {isa = PBXBuildFile; fileRef = 775E977C1BEC3D6D00959F3D /* AppDelegate.swift */; };
		775E977F1BEC3D6D00959F3D /* MasterViewController.swift in Sources */ = {isa = PBXBuildFile; fileRef = 775E977E1BEC3D6D00959F3D /* MasterViewController.swift */; };
		775E97811BEC3D6D00959F3D /* DetailViewController.swift in Sources */ = {isa = PBXBuildFile; fileRef = 775E97801BEC3D6D00959F3D /* DetailViewController.swift */; };
		775E97841BEC3D6E00959F3D /* Main.storyboard in Resources */ = {isa = PBXBuildFile; fileRef = 775E97821BEC3D6E00959F3D /* Main.storyboard */; };
		775E97861BEC3D6E00959F3D /* Assets.xcassets in Resources */ = {isa = PBXBuildFile; fileRef = 775E97851BEC3D6E00959F3D /* Assets.xcassets */; };
		775E97891BEC3D6E00959F3D /* LaunchScreen.storyboard in Resources */ = {isa = PBXBuildFile; fileRef = 775E97871BEC3D6E00959F3D /* LaunchScreen.storyboard */; };
		775E97941BEC3D6E00959F3D /* TestSchemesTests.swift in Sources */ = {isa = PBXBuildFile; fileRef = 775E97931BEC3D6E00959F3D /* TestSchemesTests.swift */; };
		775E97A21BEC3F9300959F3D /* Constants.swift in Sources */ = {isa = PBXBuildFile; fileRef = 775E97A11BEC3F9300959F3D /* Constants.swift */; };
/* End PBXBuildFile section */

/* Begin PBXContainerItemProxy section */
		775E97901BEC3D6E00959F3D /* PBXContainerItemProxy */ = {
			isa = PBXContainerItemProxy;
			containerPortal = 775E97711BEC3D6D00959F3D /* Project object */;
			proxyType = 1;
			remoteGlobalIDString = 775E97781BEC3D6D00959F3D;
			remoteInfo = TestSchemes;
		};
/* End PBXContainerItemProxy section */

/* Begin PBXFileReference section */
		775E97791BEC3D6D00959F3D /* TestSchemes.app */ = {isa = PBXFileReference; explicitFileType = wrapper.application; includeInIndex = 0; path = TestSchemes.app; sourceTree = BUILT_PRODUCTS_DIR; };
		775E977C1BEC3D6D00959F3D /* AppDelegate.swift */ = {isa = PBXFileReference; lastKnownFileType = sourcecode.swift; path = AppDelegate.swift; sourceTree = "<group>"; };
		775E977E1BEC3D6D00959F3D /* MasterViewController.swift */ = {isa = PBXFileReference; lastKnownFileType = sourcecode.swift; path = MasterViewController.swift; sourceTree = "<group>"; };
		775E97801BEC3D6D00959F3D /* DetailViewController.swift */ = {isa = PBXFileReference; lastKnownFileType = sourcecode.swift; path = DetailViewController.swift; sourceTree = "<group>"; };
		775E97831BEC3D6E00959F3D /* Base */ = {isa = PBXFileReference; lastKnownFileType = file.storyboard; name = Base; path = Base.lproj/Main.storyboard; sourceTree = "<group>"; };
		775E97851BEC3D6E00959F3D /* Assets.xcassets */ = {isa = PBXFileReference; lastKnownFileType = folder.assetcatalog; path = Assets.xcassets; sourceTree = "<group>"; };
		775E97881BEC3D6E00959F3D /* Base */ = {isa = PBXFileReference; lastKnownFileType = file.storyboard; name = Base; path = Base.lproj/LaunchScreen.storyboard; sourceTree = "<group>"; };
		775E978A1BEC3D6E00959F3D /* Info.plist */ = {isa = PBXFileReference; lastKnownFileType = text.plist.xml; path = Info.plist; sourceTree = "<group>"; };
		775E978F1BEC3D6E00959F3D /* TestSchemesTests.xctest */ = {isa = PBXFileReference; explicitFileType = wrapper.cfbundle; includeInIndex = 0; path = TestSchemesTests.xctest; sourceTree = BUILT_PRODUCTS_DIR; };
		775E97931BEC3D6E00959F3D /* TestSchemesTests.swift */ = {isa = PBXFileReference; lastKnownFileType = sourcecode.swift; path = TestSchemesTests.swift; sourceTree = "<group>"; };
		775E97951BEC3D6E00959F3D /* Info.plist */ = {isa = PBXFileReference; lastKnownFileType = text.plist.xml; path = Info.plist; sourceTree = "<group>"; };
		775E97A11BEC3F9300959F3D /* Constants.swift */ = {isa = PBXFileReference; fileEncoding = 4; lastKnownFileType = sourcecode.swift; path = Constants.swift; sourceTree = "<group>"; };
/* End PBXFileReference section */

/* Begin PBXFrameworksBuildPhase section */
		775E97761BEC3D6D00959F3D /* Frameworks */ = {
			isa = PBXFrameworksBuildPhase;
			buildActionMask = 2147483647;
			files = (
			);
			runOnlyForDeploymentPostprocessing = 0;
		};
		775E978C1BEC3D6E00959F3D /* Frameworks */ = {
			isa = PBXFrameworksBuildPhase;
			buildActionMask = 2147483647;
			files = (
			);
			runOnlyForDeploymentPostprocessing = 0;
		};
/* End PBXFrameworksBuildPhase section */

/* Begin PBXGroup section */
		775E97701BEC3D6D00959F3D = {
			isa = PBXGroup;
			children = (
				775E977B1BEC3D6D00959F3D /* TestSchemes */,
				775E97921BEC3D6E00959F3D /* TestSchemesTests */,
				775E977A1BEC3D6D00959F3D /* Products */,
			);
			sourceTree = "<group>";
		};
		775E977A1BEC3D6D00959F3D /* Products */ = {
			isa = PBXGroup;
			children = (
				775E97791BEC3D6D00959F3D /* TestSchemes.app */,
				775E978F1BEC3D6E00959F3D /* TestSchemesTests.xctest */,
			);
			name = Products;
			sourceTree = "<group>";
		};
		775E977B1BEC3D6D00959F3D /* TestSchemes */ = {
			isa = PBXGroup;
			children = (
				775E979E1BEC3E8300959F3D /* New Group */,
				775E977C1BEC3D6D00959F3D /* AppDelegate.swift */,
				775E977E1BEC3D6D00959F3D /* MasterViewController.swift */,
				775E97801BEC3D6D00959F3D /* DetailViewController.swift */,
				775E97821BEC3D6E00959F3D /* Main.storyboard */,
				775E97851BEC3D6E00959F3D /* Assets.xcassets */,
				775E97871BEC3D6E00959F3D /* LaunchScreen.storyboard */,
				775E978A1BEC3D6E00959F3D /* Info.plist */,
			);
			path = TestSchemes;
			sourceTree = "<group>";
		};
		775E97921BEC3D6E00959F3D /* TestSchemesTests */ = {
			isa = PBXGroup;
			children = (
				775E97931BEC3D6E00959F3D /* TestSchemesTests.swift */,
				775E97951BEC3D6E00959F3D /* Info.plist */,
			);
			path = TestSchemesTests;
			sourceTree = "<group>";
		};
		775E979E1BEC3E8300959F3D /* New Group */ = {
			isa = PBXGroup;
			children = (
				775E97A11BEC3F9300959F3D /* Constants.swift */,
			);
			name = "New Group";
			sourceTree = "<group>";
		};
/* End PBXGroup section */

/* Begin PBXNativeTarget section */
		775E97781BEC3D6D00959F3D /* TestSchemes */ = {
			isa = PBXNativeTarget;
			buildConfigurationList = 775E97981BEC3D6E00959F3D /* Build configuration list for PBXNativeTarget "TestSchemes" */;
			buildPhases = (
				775E97751BEC3D6D00959F3D /* Sources */,
				775E97761BEC3D6D00959F3D /* Frameworks */,
				775E97771BEC3D6D00959F3D /* Resources */,
			);
			buildRules = (
			);
			dependencies = (
			);
			name = TestSchemes;
			productName = TestSchemes;
			productReference = 775E97791BEC3D6D00959F3D /* TestSchemes.app */;
			productType = "com.apple.product-type.application";
		};
		775E978E1BEC3D6E00959F3D /* TestSchemesTests */ = {
			isa = PBXNativeTarget;
			buildConfigurationList = 775E979B1BEC3D6E00959F3D /* Build configuration list for PBXNativeTarget "TestSchemesTests" */;
			buildPhases = (
				775E978B1BEC3D6E00959F3D /* Sources */,
				775E978C1BEC3D6E00959F3D /* Frameworks */,
				775E978D1BEC3D6E00959F3D /* Resources */,
			);
			buildRules = (
			);
			dependencies = (
				775E97911BEC3D6E00959F3D /* PBXTargetDependency */,
			);
			name = TestSchemesTests;
			productName = TestSchemesTests;
			productReference = 775E978F1BEC3D6E00959F3D /* TestSchemesTests.xctest */;
			productType = "com.apple.product-type.bundle.unit-test";
		};
/* End PBXNativeTarget section */

/* Begin PBXProject section */
		775E97711BEC3D6D00959F3D /* Project object */ = {
			isa = PBXProject;
			attributes = {
				LastSwiftUpdateCheck = 0710;
				LastUpgradeCheck = 0820;
				ORGANIZATIONNAME = "Rodrigo De Luca";
				TargetAttributes = {
					775E97781BEC3D6D00959F3D = {
						CreatedOnToolsVersion = 7.1;
						LastSwiftMigration = 0820;
					};
					775E978E1BEC3D6E00959F3D = {
						CreatedOnToolsVersion = 7.1;
						LastSwiftMigration = 0820;
						TestTargetID = 775E97781BEC3D6D00959F3D;
					};
				};
			};
			buildConfigurationList = 775E97741BEC3D6D00959F3D /* Build configuration list for PBXProject "TestSchemes" */;
			compatibilityVersion = "Xcode 3.2";
			developmentRegion = English;
			hasScannedForEncodings = 0;
			knownRegions = (
				en,
				Base,
			);
			mainGroup = 775E97701BEC3D6D00959F3D;
			productRefGroup = 775E977A1BEC3D6D00959F3D /* Products */;
			projectDirPath = "";
			projectRoot = "";
			targets = (
				775E97781BEC3D6D00959F3D /* TestSchemes */,
				775E978E1BEC3D6E00959F3D /* TestSchemesTests */,
			);
		};
/* End PBXProject section */

/* Begin PBXResourcesBuildPhase section */
		775E97771BEC3D6D00959F3D /* Resources */ = {
			isa = PBXResourcesBuildPhase;
			buildActionMask = 2147483647;
			files = (
				775E97891BEC3D6E00959F3D /* LaunchScreen.storyboard in Resources */,
				775E97861BEC3D6E00959F3D /* Assets.xcassets in Resources */,
				775E97841BEC3D6E00959F3D /* Main.storyboard in Resources */,
			);
			runOnlyForDeploymentPostprocessing = 0;
		};
		775E978D1BEC3D6E00959F3D /* Resources */ = {
			isa = PBXResourcesBuildPhase;
			buildActionMask = 2147483647;
			files = (
			);
			runOnlyForDeploymentPostprocessing = 0;
		};
/* End PBXResourcesBuildPhase section */

/* Begin PBXSourcesBuildPhase section */
		775E97751BEC3D6D00959F3D /* Sources */ = {
			isa = PBXSourcesBuildPhase;
			buildActionMask = 2147483647;
			files = (
				775E97811BEC3D6D00959F3D /* DetailViewController.swift in Sources */,
				775E977F1BEC3D6D00959F3D /* MasterViewController.swift in Sources */,
				775E977D1BEC3D6D00959F3D /* AppDelegate.swift in Sources */,
				775E97A21BEC3F9300959F3D /* Constants.swift in Sources */,
			);
			runOnlyForDeploymentPostprocessing = 0;
		};
		775E978B1BEC3D6E00959F3D /* Sources */ = {
			isa = PBXSourcesBuildPhase;
			buildActionMask = 2147483647;
			files = (
				775E97941BEC3D6E00959F3D /* TestSchemesTests.swift in Sources */,
			);
			runOnlyForDeploymentPostprocessing = 0;
		};
/* End PBXSourcesBuildPhase section */

/* Begin PBXTargetDependency section */
		775E97911BEC3D6E00959F3D /* PBXTargetDependency */ = {
			isa = PBXTargetDependency;
			target = 775E97781BEC3D6D00959F3D /* TestSchemes */;
			targetProxy = 775E97901BEC3D6E00959F3D /* PBXContainerItemProxy */;
		};
/* End PBXTargetDependency section */

/* Begin PBXVariantGroup section */
		775E97821BEC3D6E00959F3D /* Main.storyboard */ = {
			isa = PBXVariantGroup;
			children = (
				775E97831BEC3D6E00959F3D /* Base */,
			);
			name = Main.storyboard;
			sourceTree = "<group>";
		};
		775E97871BEC3D6E00959F3D /* LaunchScreen.storyboard */ = {
			isa = PBXVariantGroup;
			children = (
				775E97881BEC3D6E00959F3D /* Base */,
			);
			name = LaunchScreen.storyboard;
			sourceTree = "<group>";
		};
/* End PBXVariantGroup section */

/* Begin XCBuildConfiguration section */
		775E97961BEC3D6E00959F3D /* Debug */ = {
			isa = XCBuildConfiguration;
			buildSettings = {
				ALWAYS_SEARCH_USER_PATHS = NO;
				CLANG_CXX_LANGUAGE_STANDARD = "gnu++0x";
				CLANG_CXX_LIBRARY = "libc++";
				CLANG_ENABLE_MODULES = YES;
				CLANG_ENABLE_OBJC_ARC = YES;
				CLANG_WARN_BOOL_CONVERSION = YES;
				CLANG_WARN_CONSTANT_CONVERSION = YES;
				CLANG_WARN_DIRECT_OBJC_ISA_USAGE = YES_ERROR;
				CLANG_WARN_EMPTY_BODY = YES;
				CLANG_WARN_ENUM_CONVERSION = YES;
				CLANG_WARN_INFINITE_RECURSION = YES;
				CLANG_WARN_INT_CONVERSION = YES;
				CLANG_WARN_OBJC_ROOT_CLASS = YES_ERROR;
				CLANG_WARN_SUSPICIOUS_MOVE = YES;
				CLANG_WARN_UNREACHABLE_CODE = YES;
				CLANG_WARN__DUPLICATE_METHOD_MATCH = YES;
				"CODE_SIGN_IDENTITY[sdk=iphoneos*]" = "iPhone Developer";
				COPY_PHASE_STRIP = NO;
				DEBUG_INFORMATION_FORMAT = dwarf;
				ENABLE_STRICT_OBJC_MSGSEND = YES;
				ENABLE_TESTABILITY = YES;
				GCC_C_LANGUAGE_STANDARD = gnu99;
				GCC_DYNAMIC_NO_PIC = NO;
				GCC_NO_COMMON_BLOCKS = YES;
				GCC_OPTIMIZATION_LEVEL = 0;
				GCC_PREPROCESSOR_DEFINITIONS = (
					"DEBUG=1",
					"$(inherited)",
				);
				GCC_WARN_64_TO_32_BIT_CONVERSION = YES;
				GCC_WARN_ABOUT_RETURN_TYPE = YES_ERROR;
				GCC_WARN_UNDECLARED_SELECTOR = YES;
				GCC_WARN_UNINITIALIZED_AUTOS = YES_AGGRESSIVE;
				GCC_WARN_UNUSED_FUNCTION = YES;
				GCC_WARN_UNUSED_VARIABLE = YES;
				IPHONEOS_DEPLOYMENT_TARGET = 9.1;
				MTL_ENABLE_DEBUG_INFO = YES;
				ONLY_ACTIVE_ARCH = YES;
				OTHER_SWIFT_FLAGS = "-DDEBUG";
				SDKROOT = iphoneos;
				SWIFT_OPTIMIZATION_LEVEL = "-Onone";
			};
			name = Debug;
		};
		775E97971BEC3D6E00959F3D /* Release */ = {
			isa = XCBuildConfiguration;
			buildSettings = {
				ALWAYS_SEARCH_USER_PATHS = NO;
				CLANG_CXX_LANGUAGE_STANDARD = "gnu++0x";
				CLANG_CXX_LIBRARY = "libc++";
				CLANG_ENABLE_MODULES = YES;
				CLANG_ENABLE_OBJC_ARC = YES;
				CLANG_WARN_BOOL_CONVERSION = YES;
				CLANG_WARN_CONSTANT_CONVERSION = YES;
				CLANG_WARN_DIRECT_OBJC_ISA_USAGE = YES_ERROR;
				CLANG_WARN_EMPTY_BODY = YES;
				CLANG_WARN_ENUM_CONVERSION = YES;
				CLANG_WARN_INFINITE_RECURSION = YES;
				CLANG_WARN_INT_CONVERSION = YES;
				CLANG_WARN_OBJC_ROOT_CLASS = YES_ERROR;
				CLANG_WARN_SUSPICIOUS_MOVE = YES;
				CLANG_WARN_UNREACHABLE_CODE = YES;
				CLANG_WARN__DUPLICATE_METHOD_MATCH = YES;
				"CODE_SIGN_IDENTITY[sdk=iphoneos*]" = "iPhone Developer";
				COPY_PHASE_STRIP = NO;
				DEBUG_INFORMATION_FORMAT = "dwarf-with-dsym";
				ENABLE_NS_ASSERTIONS = NO;
				ENABLE_STRICT_OBJC_MSGSEND = YES;
				GCC_C_LANGUAGE_STANDARD = gnu99;
				GCC_NO_COMMON_BLOCKS = YES;
				GCC_WARN_64_TO_32_BIT_CONVERSION = YES;
				GCC_WARN_ABOUT_RETURN_TYPE = YES_ERROR;
				GCC_WARN_UNDECLARED_SELECTOR = YES;
				GCC_WARN_UNINITIALIZED_AUTOS = YES_AGGRESSIVE;
				GCC_WARN_UNUSED_FUNCTION = YES;
				GCC_WARN_UNUSED_VARIABLE = YES;
				IPHONEOS_DEPLOYMENT_TARGET = 9.1;
				MTL_ENABLE_DEBUG_INFO = NO;
				SDKROOT = iphoneos;
				SWIFT_OPTIMIZATION_LEVEL = "-Owholemodule";
				VALIDATE_PRODUCT = YES;
			};
			name = Release;
		};
		775E97991BEC3D6E00959F3D /* Debug */ = {
			isa = XCBuildConfiguration;
			buildSettings = {
				ASSETCATALOG_COMPILER_APPICON_NAME = AppIcon;
				GCC_PREPROCESSOR_DEFINITIONS = DEBUG;
				INFOPLIST_FILE = TestSchemes/Info.plist;
				LD_RUNPATH_SEARCH_PATHS = "$(inherited) @executable_path/Frameworks";
				OTHER_SWIFT_FLAGS = "-DDEBUG";
				PRODUCT_BUNDLE_IDENTIFIER = com.restorando.TestSchemes;
				PRODUCT_NAME = "$(TARGET_NAME)";
				SWIFT_VERSION = 3.0;
			};
			name = Debug;
		};
		775E979A1BEC3D6E00959F3D /* Release */ = {
			isa = XCBuildConfiguration;
			buildSettings = {
				ASSETCATALOG_COMPILER_APPICON_NAME = AppIcon;
				INFOPLIST_FILE = TestSchemes/Info.plist;
				LD_RUNPATH_SEARCH_PATHS = "$(inherited) @executable_path/Frameworks";
				PRODUCT_BUNDLE_IDENTIFIER = com.restorando.TestSchemes;
				PRODUCT_NAME = "$(TARGET_NAME)";
				SWIFT_VERSION = 3.0;
			};
			name = Release;
		};
		775E979C1BEC3D6E00959F3D /* Debug */ = {
			isa = XCBuildConfiguration;
			buildSettings = {
				BUNDLE_LOADER = "$(TEST_HOST)";
				INFOPLIST_FILE = TestSchemesTests/Info.plist;
				LD_RUNPATH_SEARCH_PATHS = "$(inherited) @executable_path/Frameworks @loader_path/Frameworks";
				PRODUCT_BUNDLE_IDENTIFIER = com.restorando.TestSchemesTests;
				PRODUCT_NAME = "$(TARGET_NAME)";
				SWIFT_VERSION = 3.0;
				TEST_HOST = "$(BUILT_PRODUCTS_DIR)/TestSchemes.app/TestSchemes";
			};
			name = Debug;
		};
		775E979D1BEC3D6E00959F3D /* Release */ = {
			isa = XCBuildConfiguration;
			buildSettings = {
				BUNDLE_LOADER = "$(TEST_HOST)";
				INFOPLIST_FILE = TestSchemesTests/Info.plist;
				LD_RUNPATH_SEARCH_PATHS = "$(inherited) @executable_path/Frameworks @loader_path/Frameworks";
				PRODUCT_BUNDLE_IDENTIFIER = com.restorando.TestSchemesTests;
				PRODUCT_NAME = "$(TARGET_NAME)";
				SWIFT_VERSION = 3.0;
				TEST_HOST = "$(BUILT_PRODUCTS_DIR)/TestSchemes.app/TestSchemes";
			};
			name = Release;
		};
		775E97A31BEC467500959F3D /* Staging */ = {
			isa = XCBuildConfiguration;
			buildSettings = {
				ALWAYS_SEARCH_USER_PATHS = NO;
				CLANG_CXX_LANGUAGE_STANDARD = "gnu++0x";
				CLANG_CXX_LIBRARY = "libc++";
				CLANG_ENABLE_MODULES = YES;
				CLANG_ENABLE_OBJC_ARC = YES;
				CLANG_WARN_BOOL_CONVERSION = YES;
				CLANG_WARN_CONSTANT_CONVERSION = YES;
				CLANG_WARN_DIRECT_OBJC_ISA_USAGE = YES_ERROR;
				CLANG_WARN_EMPTY_BODY = YES;
				CLANG_WARN_ENUM_CONVERSION = YES;
				CLANG_WARN_INFINITE_RECURSION = YES;
				CLANG_WARN_INT_CONVERSION = YES;
				CLANG_WARN_OBJC_ROOT_CLASS = YES_ERROR;
				CLANG_WARN_SUSPICIOUS_MOVE = YES;
				CLANG_WARN_UNREACHABLE_CODE = YES;
				CLANG_WARN__DUPLICATE_METHOD_MATCH = YES;
				"CODE_SIGN_IDENTITY[sdk=iphoneos*]" = "iPhone Developer";
				COPY_PHASE_STRIP = NO;
				DEBUG_INFORMATION_FORMAT = dwarf;
				ENABLE_STRICT_OBJC_MSGSEND = YES;
				ENABLE_TESTABILITY = YES;
				GCC_C_LANGUAGE_STANDARD = gnu99;
				GCC_DYNAMIC_NO_PIC = NO;
				GCC_NO_COMMON_BLOCKS = YES;
				GCC_OPTIMIZATION_LEVEL = 0;
				GCC_PREPROCESSOR_DEFINITIONS = (
					"DEBUG=1",
					"$(inherited)",
				);
				GCC_WARN_64_TO_32_BIT_CONVERSION = YES;
				GCC_WARN_ABOUT_RETURN_TYPE = YES_ERROR;
				GCC_WARN_UNDECLARED_SELECTOR = YES;
				GCC_WARN_UNINITIALIZED_AUTOS = YES_AGGRESSIVE;
				GCC_WARN_UNUSED_FUNCTION = YES;
				GCC_WARN_UNUSED_VARIABLE = YES;
				IPHONEOS_DEPLOYMENT_TARGET = 9.1;
				MTL_ENABLE_DEBUG_INFO = YES;
				ONLY_ACTIVE_ARCH = YES;
				OTHER_SWIFT_FLAGS = "-DSTAGING";
				SDKROOT = iphoneos;
				SWIFT_OPTIMIZATION_LEVEL = "-Onone";
			};
			name = Staging;
		};
		775E97A41BEC467500959F3D /* Staging */ = {
			isa = XCBuildConfiguration;
			buildSettings = {
				ASSETCATALOG_COMPILER_APPICON_NAME = AppIcon;
				GCC_PREPROCESSOR_DEFINITIONS = DEBUG;
				INFOPLIST_FILE = TestSchemes/Info.plist;
				LD_RUNPATH_SEARCH_PATHS = "$(inherited) @executable_path/Frameworks";
				OTHER_SWIFT_FLAGS = "-DSTAGING";
				PRODUCT_BUNDLE_IDENTIFIER = com.restorando.TestSchemes;
				PRODUCT_NAME = "$(TARGET_NAME)";
				SWIFT_VERSION = 3.0;
			};
			name = Staging;
		};
		775E97A51BEC467500959F3D /* Staging */ = {
			isa = XCBuildConfiguration;
			buildSettings = {
				BUNDLE_LOADER = "$(TEST_HOST)";
				INFOPLIST_FILE = TestSchemesTests/Info.plist;
				LD_RUNPATH_SEARCH_PATHS = "$(inherited) @executable_path/Frameworks @loader_path/Frameworks";
				PRODUCT_BUNDLE_IDENTIFIER = com.restorando.TestSchemesTests;
				PRODUCT_NAME = "$(TARGET_NAME)";
				SWIFT_VERSION = 3.0;
				TEST_HOST = "$(BUILT_PRODUCTS_DIR)/TestSchemes.app/TestSchemes";
			};
			name = Staging;
		};
		775E97A61BEC46EB00959F3D /* Production */ = {
			isa = XCBuildConfiguration;
			buildSettings = {
				ALWAYS_SEARCH_USER_PATHS = NO;
				CLANG_CXX_LANGUAGE_STANDARD = "gnu++0x";
				CLANG_CXX_LIBRARY = "libc++";
				CLANG_ENABLE_MODULES = YES;
				CLANG_ENABLE_OBJC_ARC = YES;
				CLANG_WARN_BOOL_CONVERSION = YES;
				CLANG_WARN_CONSTANT_CONVERSION = YES;
				CLANG_WARN_DIRECT_OBJC_ISA_USAGE = YES_ERROR;
				CLANG_WARN_EMPTY_BODY = YES;
				CLANG_WARN_ENUM_CONVERSION = YES;
				CLANG_WARN_INFINITE_RECURSION = YES;
				CLANG_WARN_INT_CONVERSION = YES;
				CLANG_WARN_OBJC_ROOT_CLASS = YES_ERROR;
				CLANG_WARN_SUSPICIOUS_MOVE = YES;
				CLANG_WARN_UNREACHABLE_CODE = YES;
				CLANG_WARN__DUPLICATE_METHOD_MATCH = YES;
				"CODE_SIGN_IDENTITY[sdk=iphoneos*]" = "iPhone Developer";
				COPY_PHASE_STRIP = NO;
				DEBUG_INFORMATION_FORMAT = dwarf;
				ENABLE_STRICT_OBJC_MSGSEND = YES;
				ENABLE_TESTABILITY = YES;
				GCC_C_LANGUAGE_STANDARD = gnu99;
				GCC_DYNAMIC_NO_PIC = NO;
				GCC_NO_COMMON_BLOCKS = YES;
				GCC_OPTIMIZATION_LEVEL = 0;
				GCC_PREPROCESSOR_DEFINITIONS = (
					"DEBUG=1",
					"$(inherited)",
				);
				GCC_WARN_64_TO_32_BIT_CONVERSION = YES;
				GCC_WARN_ABOUT_RETURN_TYPE = YES_ERROR;
				GCC_WARN_UNDECLARED_SELECTOR = YES;
				GCC_WARN_UNINITIALIZED_AUTOS = YES_AGGRESSIVE;
				GCC_WARN_UNUSED_FUNCTION = YES;
				GCC_WARN_UNUSED_VARIABLE = YES;
				IPHONEOS_DEPLOYMENT_TARGET = 9.1;
				MTL_ENABLE_DEBUG_INFO = YES;
				ONLY_ACTIVE_ARCH = YES;
				OTHER_SWIFT_FLAGS = "-DPROD";
				SDKROOT = iphoneos;
				SWIFT_OPTIMIZATION_LEVEL = "-Onone";
			};
			name = Production;
		};
		775E97A71BEC46EB00959F3D /* Production */ = {
			isa = XCBuildConfiguration;
			buildSettings = {
				ASSETCATALOG_COMPILER_APPICON_NAME = AppIcon;
				GCC_PREPROCESSOR_DEFINITIONS = DEBUG;
				INFOPLIST_FILE = TestSchemes/Info.plist;
				LD_RUNPATH_SEARCH_PATHS = "$(inherited) @executable_path/Frameworks";
				OTHER_SWIFT_FLAGS = "-DPROD";
				PRODUCT_BUNDLE_IDENTIFIER = com.restorando.TestSchemes;
				PRODUCT_NAME = "$(TARGET_NAME)";
				SWIFT_VERSION = 3.0;
			};
			name = Production;
		};
		775E97A81BEC46EB00959F3D /* Production */ = {
			isa = XCBuildConfiguration;
			buildSettings = {
				BUNDLE_LOADER = "$(TEST_HOST)";
				INFOPLIST_FILE = TestSchemesTests/Info.plist;
				LD_RUNPATH_SEARCH_PATHS = "$(inherited) @executable_path/Frameworks @loader_path/Frameworks";
				PRODUCT_BUNDLE_IDENTIFIER = com.restorando.TestSchemesTests;
				PRODUCT_NAME = "$(TARGET_NAME)";
				SWIFT_VERSION = 3.0;
				TEST_HOST = "$(BUILT_PRODUCTS_DIR)/TestSchemes.app/TestSchemes";
			};
			name = Production;
		};
/* End XCBuildConfiguration section */

/* Begin XCConfigurationList section */
		775E97741BEC3D6D00959F3D /* Build configuration list for PBXProject "TestSchemes" */ = {
			isa = XCConfigurationList;
			buildConfigurations = (
				775E97961BEC3D6E00959F3D /* Debug */,
				775E97A61BEC46EB00959F3D /* Production */,
				775E97A31BEC467500959F3D /* Staging */,
				775E97971BEC3D6E00959F3D /* Release */,
			);
			defaultConfigurationIsVisible = 0;
			defaultConfigurationName = Staging;
		};
		775E97981BEC3D6E00959F3D /* Build configuration list for PBXNativeTarget "TestSchemes" */ = {
			isa = XCConfigurationList;
			buildConfigurations = (
				775E97991BEC3D6E00959F3D /* Debug */,
				775E97A71BEC46EB00959F3D /* Production */,
				775E97A41BEC467500959F3D /* Staging */,
				775E979A1BEC3D6E00959F3D /* Release */,
			);
			defaultConfigurationIsVisible = 0;
			defaultConfigurationName = Staging;
		};
		775E979B1BEC3D6E00959F3D /* Build configuration list for PBXNativeTarget "TestSchemesTests" */ = {
			isa = XCConfigurationList;
			buildConfigurations = (
				775E979C1BEC3D6E00959F3D /* Debug */,
				775E97A81BEC46EB00959F3D /* Production */,
				775E97A51BEC467500959F3D /* Staging */,
				775E979D1BEC3D6E00959F3D /* Release */,
			);
			defaultConfigurationIsVisible = 0;
			defaultConfigurationName = Staging;
		};
/* End XCConfigurationList section */
	};
	rootObject = 775E97711BEC3D6D00959F3D /* Project object */;
}
